{
  "lib/forge-std": {
    "tag": {
      "name": "v1.16.1",
      "rev": "c90c02ffa470b46d92ffaab093baeb296300870b"
    }
  },
  "lib/openzeppelin-contracts": {
    "tag": {
      "name": "v5.6.1",
      "rev": "5fd1781b1454fd1ef8e722282f86f9293cacf256"
    }
  },
  "lib/openzeppelin-contracts-upgradeable": {
    "tag": {
      "name": "v5.6.1",
      "rev": "7bf4727aacdbfaa0f36cbd664654d0c9e1dc52bf"
    }
  },
  "lib/openzeppelin-foundry-upgrades": {
    "tag": {
      "name": "v0.4.0",
      "rev": "cbce1e00305e943aa1661d43f41e5ac72c662b07"
    }
  },
  "lib/world-id-contracts": {
    "tag": {
      "name": "v1.0.0",
      "rev": "f959f725c3ee2dec1ed24944d5b9593b68c7b8a4"
    }
  }
}